// !$*UTF8*$!
{
	archiveVersion = 1;
	classes = {
	};
	objectVersion = 55;
	objects = {

/* Begin PBXBuildFile section */
		225CDC5427AB285500A2AA5F /* AppDelegate.swift in Sources */ = {isa = PBXBuildFile; fileRef = 225CDC5327AB285500A2AA5F /* AppDelegate.swift */; };
		225CDC5627AB285500A2AA5F /* SceneDelegate.swift in Sources */ = {isa = PBXBuildFile; fileRef = 225CDC5527AB285500A2AA5F /* SceneDelegate.swift */; };
		225CDC5827AB285500A2AA5F /* ViewController.swift in Sources */ = {isa = PBXBuildFile; fileRef = 225CDC5727AB285500A2AA5F /* ViewController.swift */; };
		225CDC5B27AB285500A2AA5F /* Main.storyboard in Resources */ = {isa = PBXBuildFile; fileRef = 225CDC5927AB285500A2AA5F /* Main.storyboard */; };
		225CDC5D27AB285600A2AA5F /* Assets.xcassets in Resources */ = {isa = PBXBuildFile; fileRef = 225CDC5C27AB285600A2AA5F /* Assets.xcassets */; };
		225CDC6027AB285600A2AA5F /* LaunchScreen.storyboard in Resources */ = {isa = PBXBuildFile; fileRef = 225CDC5E27AB285600A2AA5F /* LaunchScreen.storyboard */; };
		225CDC6B27AB285600A2AA5F /* LoadViewControllersTests.swift in Sources */ = {isa = PBXBuildFile; fileRef = 225CDC6A27AB285600A2AA5F /* LoadViewControllersTests.swift */; };
		225CDC7527AB285600A2AA5F /* LoadViewControllersUITests.swift in Sources */ = {isa = PBXBuildFile; fileRef = 225CDC7427AB285600A2AA5F /* LoadViewControllersUITests.swift */; };
		225CDC7727AB285600A2AA5F /* LoadViewControllersUITestsLaunchTests.swift in Sources */ = {isa = PBXBuildFile; fileRef = 225CDC7627AB285600A2AA5F /* LoadViewControllersUITestsLaunchTests.swift */; };
		225CDC8427AB2BC000A2AA5F /* TestingAppDelegate.swift in Sources */ = {isa = PBXBuildFile; fileRef = 225CDC8327AB2BC000A2AA5F /* TestingAppDelegate.swift */; };
		225CDC8627AB2C1700A2AA5F /* main.swift in Sources */ = {isa = PBXBuildFile; fileRef = 225CDC8527AB2C1700A2AA5F /* main.swift */; };
		225CDC8827AB2F6700A2AA5F /* StoryboardBasedViewController.swift in Sources */ = {isa = PBXBuildFile; fileRef = 225CDC8727AB2F6700A2AA5F /* StoryboardBasedViewController.swift */; };
		225CDC8A27AB368800A2AA5F /* StoryboardBasedViewControllerTests.swift in Sources */ = {isa = PBXBuildFile; fileRef = 225CDC8927AB368800A2AA5F /* StoryboardBasedViewControllerTests.swift */; };
/* End PBXBuildFile section */

/* Begin PBXContainerItemProxy section */
		225CDC6727AB285600A2AA5F /* PBXContainerItemProxy */ = {
			isa = PBXContainerItemProxy;
			containerPortal = 225CDC4827AB285500A2AA5F /* Project object */;
			proxyType = 1;
			remoteGlobalIDString = 225CDC4F27AB285500A2AA5F;
			remoteInfo = LoadViewControllers;
		};
		225CDC7127AB285600A2AA5F /* PBXContainerItemProxy */ = {
			isa = PBXContainerItemProxy;
			containerPortal = 225CDC4827AB285500A2AA5F /* Project object */;
			proxyType = 1;
			remoteGlobalIDString = 225CDC4F27AB285500A2AA5F;
			remoteInfo = LoadViewControllers;
		};
/* End PBXContainerItemProxy section */

/* Begin PBXFileReference section */
		225CDC5027AB285500A2AA5F /* LoadViewControllers.app */ = {isa = PBXFileReference; explicitFileType = wrapper.application; includeInIndex = 0; path = LoadViewControllers.app; sourceTree = BUILT_PRODUCTS_DIR; };
		225CDC5327AB285500A2AA5F /* AppDelegate.swift */ = {isa = PBXFileReference; lastKnownFileType = sourcecode.swift; path = AppDelegate.swift; sourceTree = "<group>"; };
		225CDC5527AB285500A2AA5F /* SceneDelegate.swift */ = {isa = PBXFileReference; lastKnownFileType = sourcecode.swift; path = SceneDelegate.swift; sourceTree = "<group>"; };
		225CDC5727AB285500A2AA5F /* ViewController.swift */ = {isa = PBXFileReference; lastKnownFileType = sourcecode.swift; path = ViewController.swift; sourceTree = "<group>"; };
		225CDC5A27AB285500A2AA5F /* Base */ = {isa = PBXFileReference; lastKnownFileType = file.storyboard; name = Base; path = Base.lproj/Main.storyboard; sourceTree = "<group>"; };
		225CDC5C27AB285600A2AA5F /* Assets.xcassets */ = {isa = PBXFileReference; lastKnownFileType = folder.assetcatalog; path = Assets.xcassets; sourceTree = "<group>"; };
		225CDC5F27AB285600A2AA5F /* Base */ = {isa = PBXFileReference; lastKnownFileType = file.storyboard; name = Base; path = Base.lproj/LaunchScreen.storyboard; sourceTree = "<group>"; };
		225CDC6127AB285600A2AA5F /* Info.plist */ = {isa = PBXFileReference; lastKnownFileType = text.plist.xml; path = Info.plist; sourceTree = "<group>"; };
		225CDC6627AB285600A2AA5F /* LoadViewControllersTests.xctest */ = {isa = PBXFileReference; explicitFileType = wrapper.cfbundle; includeInIndex = 0; path = LoadViewControllersTests.xctest; sourceTree = BUILT_PRODUCTS_DIR; };
		225CDC6A27AB285600A2AA5F /* LoadViewControllersTests.swift */ = {isa = PBXFileReference; lastKnownFileType = sourcecode.swift; path = LoadViewControllersTests.swift; sourceTree = "<group>"; };
		225CDC7027AB285600A2AA5F /* LoadViewControllersUITests.xctest */ = {isa = PBXFileReference; explicitFileType = wrapper.cfbundle; includeInIndex = 0; path = LoadViewControllersUITests.xctest; sourceTree = BUILT_PRODUCTS_DIR; };
		225CDC7427AB285600A2AA5F /* LoadViewControllersUITests.swift */ = {isa = PBXFileReference; lastKnownFileType = sourcecode.swift; path = LoadViewControllersUITests.swift; sourceTree = "<group>"; };
		225CDC7627AB285600A2AA5F /* LoadViewControllersUITestsLaunchTests.swift */ = {isa = PBXFileReference; lastKnownFileType = sourcecode.swift; path = LoadViewControllersUITestsLaunchTests.swift; sourceTree = "<group>"; };
		225CDC8327AB2BC000A2AA5F /* TestingAppDelegate.swift */ = {isa = PBXFileReference; lastKnownFileType = sourcecode.swift; path = TestingAppDelegate.swift; sourceTree = "<group>"; };
		225CDC8527AB2C1700A2AA5F /* main.swift */ = {isa = PBXFileReference; lastKnownFileType = sourcecode.swift; path = main.swift; sourceTree = "<group>"; };
		225CDC8727AB2F6700A2AA5F /* StoryboardBasedViewController.swift */ = {isa = PBXFileReference; lastKnownFileType = sourcecode.swift; path = StoryboardBasedViewController.swift; sourceTree = "<group>"; };
		225CDC8927AB368800A2AA5F /* StoryboardBasedViewControllerTests.swift */ = {isa = PBXFileReference; lastKnownFileType = sourcecode.swift; path = StoryboardBasedViewControllerTests.swift; sourceTree = "<group>"; };
/* End PBXFileReference section */

/* Begin PBXFrameworksBuildPhase section */
		225CDC4D27AB285500A2AA5F /* Frameworks */ = {
			isa = PBXFrameworksBuildPhase;
			buildActionMask = 2147483647;
			files = (
			);
			runOnlyForDeploymentPostprocessing = 0;
		};
		225CDC6327AB285600A2AA5F /* Frameworks */ = {
			isa = PBXFrameworksBuildPhase;
			buildActionMask = 2147483647;
			files = (
			);
			runOnlyForDeploymentPostprocessing = 0;
		};
		225CDC6D27AB285600A2AA5F /* Frameworks */ = {
			isa = PBXFrameworksBuildPhase;
			buildActionMask = 2147483647;
			files = (
			);
			runOnlyForDeploymentPostprocessing = 0;
		};
/* End PBXFrameworksBuildPhase section */

/* Begin PBXGroup section */
		225CDC4727AB285500A2AA5F = {
			isa = PBXGroup;
			children = (
				225CDC5227AB285500A2AA5F /* LoadViewControllers */,
				225CDC6927AB285600A2AA5F /* LoadViewControllersTests */,
				225CDC7327AB285600A2AA5F /* LoadViewControllersUITests */,
				225CDC5127AB285500A2AA5F /* Products */,
			);
			sourceTree = "<group>";
		};
		225CDC5127AB285500A2AA5F /* Products */ = {
			isa = PBXGroup;
			children = (
				225CDC5027AB285500A2AA5F /* LoadViewControllers.app */,
				225CDC6627AB285600A2AA5F /* LoadViewControllersTests.xctest */,
				225CDC7027AB285600A2AA5F /* LoadViewControllersUITests.xctest */,
			);
			name = Products;
			sourceTree = "<group>";
		};
		225CDC5227AB285500A2AA5F /* LoadViewControllers */ = {
			isa = PBXGroup;
			children = (
				225CDC5327AB285500A2AA5F /* AppDelegate.swift */,
				225CDC5527AB285500A2AA5F /* SceneDelegate.swift */,
				225CDC5727AB285500A2AA5F /* ViewController.swift */,
				225CDC5927AB285500A2AA5F /* Main.storyboard */,
				225CDC5C27AB285600A2AA5F /* Assets.xcassets */,
				225CDC5E27AB285600A2AA5F /* LaunchScreen.storyboard */,
				225CDC6127AB285600A2AA5F /* Info.plist */,
				225CDC8327AB2BC000A2AA5F /* TestingAppDelegate.swift */,
				225CDC8527AB2C1700A2AA5F /* main.swift */,
				225CDC8727AB2F6700A2AA5F /* StoryboardBasedViewController.swift */,
			);
			path = LoadViewControllers;
			sourceTree = "<group>";
		};
		225CDC6927AB285600A2AA5F /* LoadViewControllersTests */ = {
			isa = PBXGroup;
			children = (
				225CDC6A27AB285600A2AA5F /* LoadViewControllersTests.swift */,
				225CDC8927AB368800A2AA5F /* StoryboardBasedViewControllerTests.swift */,
			);
			path = LoadViewControllersTests;
			sourceTree = "<group>";
		};
		225CDC7327AB285600A2AA5F /* LoadViewControllersUITests */ = {
			isa = PBXGroup;
			children = (
				225CDC7427AB285600A2AA5F /* LoadViewControllersUITests.swift */,
				225CDC7627AB285600A2AA5F /* LoadViewControllersUITestsLaunchTests.swift */,
			);
			path = LoadViewControllersUITests;
			sourceTree = "<group>";
		};
/* End PBXGroup section */

/* Begin PBXNativeTarget section */
		225CDC4F27AB285500A2AA5F /* LoadViewControllers */ = {
			isa = PBXNativeTarget;
			buildConfigurationList = 225CDC7A27AB285600A2AA5F /* Build configuration list for PBXNativeTarget "LoadViewControllers" */;
			buildPhases = (
				225CDC4C27AB285500A2AA5F /* Sources */,
				225CDC4D27AB285500A2AA5F /* Frameworks */,
				225CDC4E27AB285500A2AA5F /* Resources */,
			);
			buildRules = (
			);
			dependencies = (
			);
			name = LoadViewControllers;
			productName = LoadViewControllers;
			productReference = 225CDC5027AB285500A2AA5F /* LoadViewControllers.app */;
			productType = "com.apple.product-type.application";
		};
		225CDC6527AB285600A2AA5F /* LoadViewControllersTests */ = {
			isa = PBXNativeTarget;
			buildConfigurationList = 225CDC7D27AB285600A2AA5F /* Build configuration list for PBXNativeTarget "LoadViewControllersTests" */;
			buildPhases = (
				225CDC6227AB285600A2AA5F /* Sources */,
				225CDC6327AB285600A2AA5F /* Frameworks */,
				225CDC6427AB285600A2AA5F /* Resources */,
			);
			buildRules = (
			);
			dependencies = (
				225CDC6827AB285600A2AA5F /* PBXTargetDependency */,
			);
			name = LoadViewControllersTests;
			productName = LoadViewControllersTests;
			productReference = 225CDC6627AB285600A2AA5F /* LoadViewControllersTests.xctest */;
			productType = "com.apple.product-type.bundle.unit-test";
		};
		225CDC6F27AB285600A2AA5F /* LoadViewControllersUITests */ = {
			isa = PBXNativeTarget;
			buildConfigurationList = 225CDC8027AB285600A2AA5F /* Build configuration list for PBXNativeTarget "LoadViewControllersUITests" */;
			buildPhases = (
				225CDC6C27AB285600A2AA5F /* Sources */,
				225CDC6D27AB285600A2AA5F /* Frameworks */,
				225CDC6E27AB285600A2AA5F /* Resources */,
			);
			buildRules = (
			);
			dependencies = (
				225CDC7227AB285600A2AA5F /* PBXTargetDependency */,
			);
			name = LoadViewControllersUITests;
			productName = LoadViewControllersUITests;
			productReference = 225CDC7027AB285600A2AA5F /* LoadViewControllersUITests.xctest */;
			productType = "com.apple.product-type.bundle.ui-testing";
		};
/* End PBXNativeTarget section */

/* Begin PBXProject section */
		225CDC4827AB285500A2AA5F /* Project object */ = {
			isa = PBXProject;
			attributes = {
				BuildIndependentTargetsInParallel = 1;
				LastSwiftUpdateCheck = 1320;
				LastUpgradeCheck = 1320;
				TargetAttributes = {
					225CDC4F27AB285500A2AA5F = {
						CreatedOnToolsVersion = 13.2.1;
					};
					225CDC6527AB285600A2AA5F = {
						CreatedOnToolsVersion = 13.2.1;
						TestTargetID = 225CDC4F27AB285500A2AA5F;
					};
					225CDC6F27AB285600A2AA5F = {
						CreatedOnToolsVersion = 13.2.1;
						TestTargetID = 225CDC4F27AB285500A2AA5F;
					};
				};
			};
			buildConfigurationList = 225CDC4B27AB285500A2AA5F /* Build configuration list for PBXProject "LoadViewControllers" */;
			compatibilityVersion = "Xcode 13.0";
			developmentRegion = en;
			hasScannedForEncodings = 0;
			knownRegions = (
				en,
				Base,
			);
			mainGroup = 225CDC4727AB285500A2AA5F;
			productRefGroup = 225CDC5127AB285500A2AA5F /* Products */;
			projectDirPath = "";
			projectRoot = "";
			targets = (
				225CDC4F27AB285500A2AA5F /* LoadViewControllers */,
				225CDC6527AB285600A2AA5F /* LoadViewControllersTests */,
				225CDC6F27AB285600A2AA5F /* LoadViewControllersUITests */,
			);
		};
/* End PBXProject section */

/* Begin PBXResourcesBuildPhase section */
		225CDC4E27AB285500A2AA5F /* Resources */ = {
			isa = PBXResourcesBuildPhase;
			buildActionMask = 2147483647;
			files = (
				225CDC6027AB285600A2AA5F /* LaunchScreen.storyboard in Resources */,
				225CDC5D27AB285600A2AA5F /* Assets.xcassets in Resources */,
				225CDC5B27AB285500A2AA5F /* Main.storyboard in Resources */,
			);
			runOnlyForDeploymentPostprocessing = 0;
		};
		225CDC6427AB285600A2AA5F /* Resources */ = {
			isa = PBXResourcesBuildPhase;
			buildActionMask = 2147483647;
			files = (
			);
			runOnlyForDeploymentPostprocessing = 0;
		};
		225CDC6E27AB285600A2AA5F /* Resources */ = {
			isa = PBXResourcesBuildPhase;
			buildActionMask = 2147483647;
			files = (
			);
			runOnlyForDeploymentPostprocessing = 0;
		};
/* End PBXResourcesBuildPhase section */

/* Begin PBXSourcesBuildPhase section */
		225CDC4C27AB285500A2AA5F /* Sources */ = {
			isa = PBXSourcesBuildPhase;
			buildActionMask = 2147483647;
			files = (
				225CDC8427AB2BC000A2AA5F /* TestingAppDelegate.swift in Sources */,
				225CDC8627AB2C1700A2AA5F /* main.swift in Sources */,
				225CDC5827AB285500A2AA5F /* ViewController.swift in Sources */,
				225CDC5427AB285500A2AA5F /* AppDelegate.swift in Sources */,
				225CDC5627AB285500A2AA5F /* SceneDelegate.swift in Sources */,
				225CDC8827AB2F6700A2AA5F /* StoryboardBasedViewController.swift in Sources */,
			);
			runOnlyForDeploymentPostprocessing = 0;
		};
		225CDC6227AB285600A2AA5F /* Sources */ = {
			isa = PBXSourcesBuildPhase;
			buildActionMask = 2147483647;
			files = (
				225CDC6B27AB285600A2AA5F /* LoadViewControllersTests.swift in Sources */,
				225CDC8A27AB368800A2AA5F /* StoryboardBasedViewControllerTests.swift in Sources */,
			);
			runOnlyForDeploymentPostprocessing = 0;
		};
		225CDC6C27AB285600A2AA5F /* Sources */ = {
			isa = PBXSourcesBuildPhase;
			buildActionMask = 2147483647;
			files = (
				225CDC7527AB285600A2AA5F /* LoadViewControllersUITests.swift in Sources */,
				225CDC7727AB285600A2AA5F /* LoadViewControllersUITestsLaunchTests.swift in Sources */,
			);
			runOnlyForDeploymentPostprocessing = 0;
		};
/* End PBXSourcesBuildPhase section */

/* Begin PBXTargetDependency section */
		225CDC6827AB285600A2AA5F /* PBXTargetDependency */ = {
			isa = PBXTargetDependency;
			target = 225CDC4F27AB285500A2AA5F /* LoadViewControllers */;
			targetProxy = 225CDC6727AB285600A2AA5F /* PBXContainerItemProxy */;
		};
		225CDC7227AB285600A2AA5F /* PBXTargetDependency */ = {
			isa = PBXTargetDependency;
			target = 225CDC4F27AB285500A2AA5F /* LoadViewControllers */;
			targetProxy = 225CDC7127AB285600A2AA5F /* PBXContainerItemProxy */;
		};
/* End PBXTargetDependency section */

/* Begin PBXVariantGroup section */
		225CDC5927AB285500A2AA5F /* Main.storyboard */ = {
			isa = PBXVariantGroup;
			children = (
				225CDC5A27AB285500A2AA5F /* Base */,
			);
			name = Main.storyboard;
			sourceTree = "<group>";
		};
		225CDC5E27AB285600A2AA5F /* LaunchScreen.storyboard */ = {
			isa = PBXVariantGroup;
			children = (
				225CDC5F27AB285600A2AA5F /* Base */,
			);
			name = LaunchScreen.storyboard;
			sourceTree = "<group>";
		};
/* End PBXVariantGroup section */

/* Begin XCBuildConfiguration section */
		225CDC7827AB285600A2AA5F /* Debug */ = {
			isa = XCBuildConfiguration;
			buildSettings = {
				ALWAYS_SEARCH_USER_PATHS = NO;
				CLANG_ANALYZER_NONNULL = YES;
				CLANG_ANALYZER_NUMBER_OBJECT_CONVERSION = YES_AGGRESSIVE;
				CLANG_CXX_LANGUAGE_STANDARD = "gnu++17";
				CLANG_CXX_LIBRARY = "libc++";
				CLANG_ENABLE_MODULES = YES;
				CLANG_ENABLE_OBJC_ARC = YES;
				CLANG_ENABLE_OBJC_WEAK = YES;
				CLANG_WARN_BLOCK_CAPTURE_AUTORELEASING = YES;
				CLANG_WARN_BOOL_CONVERSION = YES;
				CLANG_WARN_COMMA = YES;
				CLANG_WARN_CONSTANT_CONVERSION = YES;
				CLANG_WARN_DEPRECATED_OBJC_IMPLEMENTATIONS = YES;
				CLANG_WARN_DIRECT_OBJC_ISA_USAGE = YES_ERROR;
				CLANG_WARN_DOCUMENTATION_COMMENTS = YES;
				CLANG_WARN_EMPTY_BODY = YES;
				CLANG_WARN_ENUM_CONVERSION = YES;
				CLANG_WARN_INFINITE_RECURSION = YES;
				CLANG_WARN_INT_CONVERSION = YES;
				CLANG_WARN_NON_LITERAL_NULL_CONVERSION = YES;
				CLANG_WARN_OBJC_IMPLICIT_RETAIN_SELF = YES;
				CLANG_WARN_OBJC_LITERAL_CONVERSION = YES;
				CLANG_WARN_OBJC_ROOT_CLASS = YES_ERROR;
				CLANG_WARN_QUOTED_INCLUDE_IN_FRAMEWORK_HEADER = YES;
				CLANG_WARN_RANGE_LOOP_ANALYSIS = YES;
				CLANG_WARN_STRICT_PROTOTYPES = YES;
				CLANG_WARN_SUSPICIOUS_MOVE = YES;
				CLANG_WARN_UNGUARDED_AVAILABILITY = YES_AGGRESSIVE;
				CLANG_WARN_UNREACHABLE_CODE = YES;
				CLANG_WARN__DUPLICATE_METHOD_MATCH = YES;
				COPY_PHASE_STRIP = NO;
				DEBUG_INFORMATION_FORMAT = dwarf;
				ENABLE_STRICT_OBJC_MSGSEND = YES;
				ENABLE_TESTABILITY = YES;
				GCC_C_LANGUAGE_STANDARD = gnu11;
				GCC_DYNAMIC_NO_PIC = NO;
				GCC_NO_COMMON_BLOCKS = YES;
				GCC_OPTIMIZATION_LEVEL = 0;
				GCC_PREPROCESSOR_DEFINITIONS = (
					"DEBUG=1",
					"$(inherited)",
				);
				GCC_WARN_64_TO_32_BIT_CONVERSION = YES;
				GCC_WARN_ABOUT_RETURN_TYPE = YES_ERROR;
				GCC_WARN_UNDECLARED_SELECTOR = YES;
				GCC_WARN_UNINITIALIZED_AUTOS = YES_AGGRESSIVE;
				GCC_WARN_UNUSED_FUNCTION = YES;
				GCC_WARN_UNUSED_VARIABLE = YES;
				IPHONEOS_DEPLOYMENT_TARGET = 15.2;
				MTL_ENABLE_DEBUG_INFO = INCLUDE_SOURCE;
				MTL_FAST_MATH = YES;
				ONLY_ACTIVE_ARCH = YES;
				SDKROOT = iphoneos;
				SWIFT_ACTIVE_COMPILATION_CONDITIONS = DEBUG;
				SWIFT_OPTIMIZATION_LEVEL = "-Onone";
			};
			name = Debug;
		};
		225CDC7927AB285600A2AA5F /* Release */ = {
			isa = XCBuildConfiguration;
			buildSettings = {
				ALWAYS_SEARCH_USER_PATHS = NO;
				CLANG_ANALYZER_NONNULL = YES;
				CLANG_ANALYZER_NUMBER_OBJECT_CONVERSION = YES_AGGRESSIVE;
				CLANG_CXX_LANGUAGE_STANDARD = "gnu++17";
				CLANG_CXX_LIBRARY = "libc++";
				CLANG_ENABLE_MODULES = YES;
				CLANG_ENABLE_OBJC_ARC = YES;
				CLANG_ENABLE_OBJC_WEAK = YES;
				CLANG_WARN_BLOCK_CAPTURE_AUTORELEASING = YES;
				CLANG_WARN_BOOL_CONVERSION = YES;
				CLANG_WARN_COMMA = YES;
				CLANG_WARN_CONSTANT_CONVERSION = YES;
				CLANG_WARN_DEPRECATED_OBJC_IMPLEMENTATIONS = YES;
				CLANG_WARN_DIRECT_OBJC_ISA_USAGE = YES_ERROR;
				CLANG_WARN_DOCUMENTATION_COMMENTS = YES;
				CLANG_WARN_EMPTY_BODY = YES;
				CLANG_WARN_ENUM_CONVERSION = YES;
				CLANG_WARN_INFINITE_RECURSION = YES;
				CLANG_WARN_INT_CONVERSION = YES;
				CLANG_WARN_NON_LITERAL_NULL_CONVERSION = YES;
				CLANG_WARN_OBJC_IMPLICIT_RETAIN_SELF = YES;
				CLANG_WARN_OBJC_LITERAL_CONVERSION = YES;
				CLANG_WARN_OBJC_ROOT_CLASS = YES_ERROR;
				CLANG_WARN_QUOTED_INCLUDE_IN_FRAMEWORK_HEADER = YES;
				CLANG_WARN_RANGE_LOOP_ANALYSIS = YES;
				CLANG_WARN_STRICT_PROTOTYPES = YES;
				CLANG_WARN_SUSPICIOUS_MOVE = YES;
				CLANG_WARN_UNGUARDED_AVAILABILITY = YES_AGGRESSIVE;
				CLANG_WARN_UNREACHABLE_CODE = YES;
				CLANG_WARN__DUPLICATE_METHOD_MATCH = YES;
				COPY_PHASE_STRIP = NO;
				DEBUG_INFORMATION_FORMAT = "dwarf-with-dsym";
				ENABLE_NS_ASSERTIONS = NO;
				ENABLE_STRICT_OBJC_MSGSEND = YES;
				GCC_C_LANGUAGE_STANDARD = gnu11;
				GCC_NO_COMMON_BLOCKS = YES;
				GCC_WARN_64_TO_32_BIT_CONVERSION = YES;
				GCC_WARN_ABOUT_RETURN_TYPE = YES_ERROR;
				GCC_WARN_UNDECLARED_SELECTOR = YES;
				GCC_WARN_UNINITIALIZED_AUTOS = YES_AGGRESSIVE;
				GCC_WARN_UNUSED_FUNCTION = YES;
				GCC_WARN_UNUSED_VARIABLE = YES;
				IPHONEOS_DEPLOYMENT_TARGET = 15.2;
				MTL_ENABLE_DEBUG_INFO = NO;
				MTL_FAST_MATH = YES;
				SDKROOT = iphoneos;
				SWIFT_COMPILATION_MODE = wholemodule;
				SWIFT_OPTIMIZATION_LEVEL = "-O";
				VALIDATE_PRODUCT = YES;
			};
			name = Release;
		};
		225CDC7B27AB285600A2AA5F /* Debug */ = {
			isa = XCBuildConfiguration;
			buildSettings = {
				ASSETCATALOG_COMPILER_APPICON_NAME = AppIcon;
				ASSETCATALOG_COMPILER_GLOBAL_ACCENT_COLOR_NAME = AccentColor;
				CODE_SIGN_STYLE = Automatic;
				CURRENT_PROJECT_VERSION = 1;
				GENERATE_INFOPLIST_FILE = YES;
				INFOPLIST_FILE = LoadViewControllers/Info.plist;
				INFOPLIST_KEY_UIApplicationSupportsIndirectInputEvents = YES;
				INFOPLIST_KEY_UILaunchStoryboardName = LaunchScreen;
				INFOPLIST_KEY_UIMainStoryboardFile = Main;
				INFOPLIST_KEY_UISupportedInterfaceOrientations_iPad = "UIInterfaceOrientationPortrait UIInterfaceOrientationPortraitUpsideDown UIInterfaceOrientationLandscapeLeft UIInterfaceOrientationLandscapeRight";
				INFOPLIST_KEY_UISupportedInterfaceOrientations_iPhone = "UIInterfaceOrientationPortrait UIInterfaceOrientationLandscapeLeft UIInterfaceOrientationLandscapeRight";
				LD_RUNPATH_SEARCH_PATHS = (
					"$(inherited)",
					"@executable_path/Frameworks",
				);
				MARKETING_VERSION = 1.0;
				PRODUCT_BUNDLE_IDENTIFIER = com.battybuilds.LoadViewControllers;
				PRODUCT_NAME = "$(TARGET_NAME)";
				SWIFT_EMIT_LOC_STRINGS = YES;
				SWIFT_VERSION = 5.0;
				TARGETED_DEVICE_FAMILY = "1,2";
			};
			name = Debug;
		};
		225CDC7C27AB285600A2AA5F /* Release */ = {
			isa = XCBuildConfiguration;
			buildSettings = {
				ASSETCATALOG_COMPILER_APPICON_NAME = AppIcon;
				ASSETCATALOG_COMPILER_GLOBAL_ACCENT_COLOR_NAME = AccentColor;
				CODE_SIGN_STYLE = Automatic;
				CURRENT_PROJECT_VERSION = 1;
				GENERATE_INFOPLIST_FILE = YES;
				INFOPLIST_FILE = LoadViewControllers/Info.plist;
				INFOPLIST_KEY_UIApplicationSupportsIndirectInputEvents = YES;
				INFOPLIST_KEY_UILaunchStoryboardName = LaunchScreen;
				INFOPLIST_KEY_UIMainStoryboardFile = Main;
				INFOPLIST_KEY_UISupportedInterfaceOrientations_iPad = "UIInterfaceOrientationPortrait UIInterfaceOrientationPortraitUpsideDown UIInterfaceOrientationLandscapeLeft UIInterfaceOrientationLandscapeRight";
				INFOPLIST_KEY_UISupportedInterfaceOrientations_iPhone = "UIInterfaceOrientationPortrait UIInterfaceOrientationLandscapeLeft UIInterfaceOrientationLandscapeRight";
				LD_RUNPATH_SEARCH_PATHS = (
					"$(inherited)",
					"@executable_path/Frameworks",
				);
				MARKETING_VERSION = 1.0;
				PRODUCT_BUNDLE_IDENTIFIER = com.battybuilds.LoadViewControllers;
				PRODUCT_NAME = "$(TARGET_NAME)";
				SWIFT_EMIT_LOC_STRINGS = YES;
				SWIFT_VERSION = 5.0;
				TARGETED_DEVICE_FAMILY = "1,2";
			};
			name = Release;
		};
		225CDC7E27AB285600A2AA5F /* Debug */ = {
			isa = XCBuildConfiguration;
			buildSettings = {
				ALWAYS_EMBED_SWIFT_STANDARD_LIBRARIES = YES;
				BUNDLE_LOADER = "$(TEST_HOST)";
				CODE_SIGN_STYLE = Automatic;
				CURRENT_PROJECT_VERSION = 1;
				GENERATE_INFOPLIST_FILE = YES;
				IPHONEOS_DEPLOYMENT_TARGET = 15.2;
				MARKETING_VERSION = 1.0;
				PRODUCT_BUNDLE_IDENTIFIER = com.battybuilds.LoadViewControllersTests;
				PRODUCT_NAME = "$(TARGET_NAME)";
				SWIFT_EMIT_LOC_STRINGS = NO;
				SWIFT_VERSION = 5.0;
				TARGETED_DEVICE_FAMILY = "1,2";
				TEST_HOST = "$(BUILT_PRODUCTS_DIR)/LoadViewControllers.app/LoadViewControllers";
			};
			name = Debug;
		};
		225CDC7F27AB285600A2AA5F /* Release */ = {
			isa = XCBuildConfiguration;
			buildSettings = {
				ALWAYS_EMBED_SWIFT_STANDARD_LIBRARIES = YES;
				BUNDLE_LOADER = "$(TEST_HOST)";
				CODE_SIGN_STYLE = Automatic;
				CURRENT_PROJECT_VERSION = 1;
				GENERATE_INFOPLIST_FILE = YES;
				IPHONEOS_DEPLOYMENT_TARGET = 15.2;
				MARKETING_VERSION = 1.0;
				PRODUCT_BUNDLE_IDENTIFIER = com.battybuilds.LoadViewControllersTests;
				PRODUCT_NAME = "$(TARGET_NAME)";
				SWIFT_EMIT_LOC_STRINGS = NO;
				SWIFT_VERSION = 5.0;
				TARGETED_DEVICE_FAMILY = "1,2";
				TEST_HOST = "$(BUILT_PRODUCTS_DIR)/LoadViewControllers.app/LoadViewControllers";
			};
			name = Release;
		};
		225CDC8127AB285600A2AA5F /* Debug */ = {
			isa = XCBuildConfiguration;
			buildSettings = {
				ALWAYS_EMBED_SWIFT_STANDARD_LIBRARIES = YES;
				CODE_SIGN_STYLE = Automatic;
				CURRENT_PROJECT_VERSION = 1;
				GENERATE_INFOPLIST_FILE = YES;
				MARKETING_VERSION = 1.0;
				PRODUCT_BUNDLE_IDENTIFIER = com.battybuilds.LoadViewControllersUITests;
				PRODUCT_NAME = "$(TARGET_NAME)";
				SWIFT_EMIT_LOC_STRINGS = NO;
				SWIFT_VERSION = 5.0;
				TARGETED_DEVICE_FAMILY = "1,2";
				TEST_TARGET_NAME = LoadViewControllers;
			};
			name = Debug;
		};
		225CDC8227AB285600A2AA5F /* Release */ = {
			isa = XCBuildConfiguration;
			buildSettings = {
				ALWAYS_EMBED_SWIFT_STANDARD_LIBRARIES = YES;
				CODE_SIGN_STYLE = Automatic;
				CURRENT_PROJECT_VERSION = 1;
				GENERATE_INFOPLIST_FILE = YES;
				MARKETING_VERSION = 1.0;
				PRODUCT_BUNDLE_IDENTIFIER = com.battybuilds.LoadViewControllersUITests;
				PRODUCT_NAME = "$(TARGET_NAME)";
				SWIFT_EMIT_LOC_STRINGS = NO;
				SWIFT_VERSION = 5.0;
				TARGETED_DEVICE_FAMILY = "1,2";
				TEST_TARGET_NAME = LoadViewControllers;
			};
			name = Release;
		};
/* End XCBuildConfiguration section */

/* Begin XCConfigurationList section */
		225CDC4B27AB285500A2AA5F /* Build configuration list for PBXProject "LoadViewControllers" */ = {
			isa = XCConfigurationList;
			buildConfigurations = (
				225CDC7827AB285600A2AA5F /* Debug */,
				225CDC7927AB285600A2AA5F /* Release */,
			);
			defaultConfigurationIsVisible = 0;
			defaultConfigurationName = Release;
		};
		225CDC7A27AB285600A2AA5F /* Build configuration list for PBXNativeTarget "LoadViewControllers" */ = {
			isa = XCConfigurationList;
			buildConfigurations = (
				225CDC7B27AB285600A2AA5F /* Debug */,
				225CDC7C27AB285600A2AA5F /* Release */,
			);
			defaultConfigurationIsVisible = 0;
			defaultConfigurationName = Release;
		};
		225CDC7D27AB285600A2AA5F /* Build configuration list for PBXNativeTarget "LoadViewControllersTests" */ = {
			isa = XCConfigurationList;
			buildConfigurations = (
				225CDC7E27AB285600A2AA5F /* Debug */,
				225CDC7F27AB285600A2AA5F /* Release */,
			);
			defaultConfigurationIsVisible = 0;
			defaultConfigurationName = Release;
		};
		225CDC8027AB285600A2AA5F /* Build configuration list for PBXNativeTarget "LoadViewControllersUITests" */ = {
			isa = XCConfigurationList;
			buildConfigurations = (
				225CDC8127AB285600A2AA5F /* Debug */,
				225CDC8227AB285600A2AA5F /* Release */,
			);
			defaultConfigurationIsVisible = 0;
			defaultConfigurationName = Release;
		};
/* End XCConfigurationList section */
	};
	rootObject = 225CDC4827AB285500A2AA5F /* Project object */;
}
